{
    "version": 3,
    "terraform_version": "0.11.11",
    "serial": 2,
    "lineage": "9a4b327c-2f4c-035a-d217-8bdbbf52d6aa",
    "modules": [
        {
            "path": [
                "root"
            ],
            "outputs": {},
            "resources": {
                "docker_container.jobmanager": {
                    "type": "docker_container",
                    "depends_on": [
                        "docker_image.flink",
                        "docker_network.test_network"
                    ],
                    "primary": {
                        "id": "bbf8dfbaa4346c3e48ddd1d32e88180a6d106c49c3de852ee1d5e0dd3b4de72e",
                        "attributes": {
                            "attach": "false",
                            "bridge": "",
                            "command.#": "1",
                            "command.0": "jobmanager",
                            "env.#": "1",
                            "env.1318083504": "JOB_MANAGER_RPC_ADDRESS=jobmanager",
                            "gateway": "172.19.0.1",
                            "id": "bbf8dfbaa4346c3e48ddd1d32e88180a6d106c49c3de852ee1d5e0dd3b4de72e",
                            "image": "sha256:293edc9070f49c38e88e7d88c2efe0d47ec85f754ba97238b9d82711ab4604fb",
                            "ip_address": "172.19.0.2",
                            "ip_prefix_length": "16",
                            "log_driver": "json-file",
                            "logs": "false",
                            "must_run": "true",
                            "name": "jobmanager",
                            "network_data.#": "1",
                            "network_data.0.gateway": "172.19.0.1",
                            "network_data.0.ip_address": "172.19.0.2",
                            "network_data.0.ip_prefix_length": "16",
                            "network_data.0.network_name": "test_network",
                            "networks_advanced.#": "1",
                            "networks_advanced.3588409472.aliases.#": "0",
                            "networks_advanced.3588409472.ipv4_address": "",
                            "networks_advanced.3588409472.ipv6_address": "",
                            "networks_advanced.3588409472.name": "test_network",
                            "ports.#": "1",
                            "ports.0.external": "8081",
                            "ports.0.internal": "8081",
                            "ports.0.ip": "0.0.0.0",
                            "ports.0.protocol": "tcp",
                            "restart": "no",
                            "rm": "false",
                            "start": "true"
                        },
                        "meta": {},
                        "tainted": false
                    },
                    "deposed": [],
                    "provider": "provider.docker"
                },
                "docker_container.taskmanager": {
                    "type": "docker_container",
                    "depends_on": [
                        "docker_container.jobmanager",
                        "docker_image.flink",
                        "docker_network.test_network"
                    ],
                    "primary": {
                        "id": "3307dba2c1762f21e1de0ba3bd0c6e0ef25bf916a80877f1bdec8a0ccc1deb55",
                        "attributes": {
                            "attach": "false",
                            "bridge": "",
                            "command.#": "1",
                            "command.0": "taskmanager",
                            "env.#": "1",
                            "env.1318083504": "JOB_MANAGER_RPC_ADDRESS=jobmanager",
                            "gateway": "172.19.0.1",
                            "id": "3307dba2c1762f21e1de0ba3bd0c6e0ef25bf916a80877f1bdec8a0ccc1deb55",
                            "image": "sha256:293edc9070f49c38e88e7d88c2efe0d47ec85f754ba97238b9d82711ab4604fb",
                            "ip_address": "172.19.0.3",
                            "ip_prefix_length": "16",
                            "log_driver": "json-file",
                            "logs": "false",
                            "must_run": "true",
                            "name": "taskmanager",
                            "network_data.#": "1",
                            "network_data.0.gateway": "172.19.0.1",
                            "network_data.0.ip_address": "172.19.0.3",
                            "network_data.0.ip_prefix_length": "16",
                            "network_data.0.network_name": "test_network",
                            "networks_advanced.#": "1",
                            "networks_advanced.3588409472.aliases.#": "0",
                            "networks_advanced.3588409472.ipv4_address": "",
                            "networks_advanced.3588409472.ipv6_address": "",
                            "networks_advanced.3588409472.name": "test_network",
                            "ports.#": "0",
                            "restart": "no",
                            "rm": "false",
                            "start": "true"
                        },
                        "meta": {},
                        "tainted": false
                    },
                    "deposed": [],
                    "provider": "provider.docker"
                },
                "docker_image.flink": {
                    "type": "docker_image",
                    "depends_on": [],
                    "primary": {
                        "id": "sha256:293edc9070f49c38e88e7d88c2efe0d47ec85f754ba97238b9d82711ab4604fbflink:latest",
                        "attributes": {
                            "id": "sha256:293edc9070f49c38e88e7d88c2efe0d47ec85f754ba97238b9d82711ab4604fbflink:latest",
                            "latest": "sha256:293edc9070f49c38e88e7d88c2efe0d47ec85f754ba97238b9d82711ab4604fb",
                            "name": "flink:latest"
                        },
                        "meta": {},
                        "tainted": false
                    },
                    "deposed": [],
                    "provider": "provider.docker"
                },
                "docker_network.test_network": {
                    "type": "docker_network",
                    "depends_on": [],
                    "primary": {
                        "id": "d6d358c93e2e45f96d5d8610ce8fc82e7838ad24628a8f8d5944b8829983f747",
                        "attributes": {
                            "attachable": "false",
                            "driver": "bridge",
                            "id": "d6d358c93e2e45f96d5d8610ce8fc82e7838ad24628a8f8d5944b8829983f747",
                            "ingress": "false",
                            "internal": "false",
                            "ipv6": "false",
                            "name": "test_network",
                            "options.%": "0",
                            "scope": "local"
                        },
                        "meta": {},
                        "tainted": false
                    },
                    "deposed": [],
                    "provider": "provider.docker"
                }
            },
            "depends_on": []
        }
    ]
}
